
Microsoft Visual Studio Solution File, Format Version 12.00
# Visual Studio Version 17
VisualStudioVersion = 17.2.32505.173
MinimumVisualStudioVersion = 10.0.40219.1
Project("{FAE04EC0-301F-11D3-BF4B-00C04F79EFBC}") = "Exercise_Generics1_PrintService", "Exercise_Generics1_PrintService\Exercise_Generics1_PrintService.csproj", "{52987191-BA7F-435E-B622-FBF5F418BF84}"
EndProject
Global
	GlobalSection(SolutionConfigurationPlatforms) = preSolution
		Debug|Any CPU = Debug|Any CPU
		Release|Any CPU = Release|Any CPU
	EndGlobalSection
	GlobalSection(ProjectConfigurationPlatforms) = postSolution
		{52987191-BA7F-435E-B622-FBF5F418BF84}.Debug|Any CPU.ActiveCfg = Debug|Any CPU
		{52987191-BA7F-435E-B622-FBF5F418BF84}.Debug|Any CPU.Build.0 = Debug|Any CPU
		{52987191-BA7F-435E-B622-FBF5F418BF84}.Release|Any CPU.ActiveCfg = Release|Any CPU
		{52987191-BA7F-435E-B622-FBF5F418BF84}.Release|Any CPU.Build.0 = Release|Any CPU
	EndGlobalSection
	GlobalSection(SolutionProperties) = preSolution
		HideSolutionNode = FALSE
	EndGlobalSection
	GlobalSection(ExtensibilityGlobals) = postSolution
		SolutionGuid = {CA5DD592-1970-4B8E-B829-D066A7DFE926}
	EndGlobalSection
EndGlobal
