
Microsoft Visual Studio Solution File, Format Version 12.00
# Visual Studio Version 17
VisualStudioVersion = 17.2.32505.173
MinimumVisualStudioVersion = 10.0.40219.1
Project("{FAE04EC0-301F-11D3-BF4B-00C04F79EFBC}") = "Exercise_Gererics2_CalculationService", "Exercise_Gererics2_CalculationService\Exercise_Gererics2_CalculationService.csproj", "{D1982C22-8C8B-4A1C-9D35-1F480B4D7284}"
EndProject
Global
	GlobalSection(SolutionConfigurationPlatforms) = preSolution
		Debug|Any CPU = Debug|Any CPU
		Release|Any CPU = Release|Any CPU
	EndGlobalSection
	GlobalSection(ProjectConfigurationPlatforms) = postSolution
		{D1982C22-8C8B-4A1C-9D35-1F480B4D7284}.Debug|Any CPU.ActiveCfg = Debug|Any CPU
		{D1982C22-8C8B-4A1C-9D35-1F480B4D7284}.Debug|Any CPU.Build.0 = Debug|Any CPU
		{D1982C22-8C8B-4A1C-9D35-1F480B4D7284}.Release|Any CPU.ActiveCfg = Release|Any CPU
		{D1982C22-8C8B-4A1C-9D35-1F480B4D7284}.Release|Any CPU.Build.0 = Release|Any CPU
	EndGlobalSection
	GlobalSection(SolutionProperties) = preSolution
		HideSolutionNode = FALSE
	EndGlobalSection
	GlobalSection(ExtensibilityGlobals) = postSolution
		SolutionGuid = {44CF7572-BF44-4C38-9E02-44D23DD2F12A}
	EndGlobalSection
EndGlobal
